
Microsoft Visual Studio Solution File, Format Version 12.00
# Visual Studio 15
VisualStudioVersion = 15.0.27130.2010
MinimumVisualStudioVersion = 10.0.40219.1
Project("{FAE04EC0-301F-11D3-BF4B-00C04F79EFBC}") = "WpfApp1", "WpfApp1\WpfApp1.csproj", "{F939A1BA-8DFA-445D-BE54-23066058331F}"
EndProject
Global
	GlobalSection(SolutionConfigurationPlatforms) = preSolution
		Debug|Any CPU = Debug|Any CPU
		Release|Any CPU = Release|Any CPU
	EndGlobalSection
	GlobalSection(ProjectConfigurationPlatforms) = postSolution
		{F939A1BA-8DFA-445D-BE54-23066058331F}.Debug|Any CPU.ActiveCfg = Debug|Any CPU
		{F939A1BA-8DFA-445D-BE54-23066058331F}.Debug|Any CPU.Build.0 = Debug|Any CPU
		{F939A1BA-8DFA-445D-BE54-23066058331F}.Release|Any CPU.ActiveCfg = Release|Any CPU
		{F939A1BA-8DFA-445D-BE54-23066058331F}.Release|Any CPU.Build.0 = Release|Any CPU
	EndGlobalSection
	GlobalSection(SolutionProperties) = preSolution
		HideSolutionNode = FALSE
	EndGlobalSection
	GlobalSection(ExtensibilityGlobals) = postSolution
		SolutionGuid = {7B9BEAA6-4248-43DA-A0FA-861A3CE81B91}
	EndGlobalSection
EndGlobal
